// !$*UTF8*$!
{
	archiveVersion = 1;
	classes = {
	};
	objectVersion = 46;
	objects = {

/* Begin PBXBuildFile section */
		81B22B7C1C9324D500113510 /* AppDelegate.swift in Sources */ = {isa = PBXBuildFile; fileRef = 81B22B7B1C9324D500113510 /* AppDelegate.swift */; };
		81B22B7E1C9324D500113510 /* ViewController.swift in Sources */ = {isa = PBXBuildFile; fileRef = 81B22B7D1C9324D500113510 /* ViewController.swift */; };
		81B22B811C9324D500113510 /* Main.storyboard in Resources */ = {isa = PBXBuildFile; fileRef = 81B22B7F1C9324D500113510 /* Main.storyboard */; };
		81B22B831C9324D500113510 /* Assets.xcassets in Resources */ = {isa = PBXBuildFile; fileRef = 81B22B821C9324D500113510 /* Assets.xcassets */; };
		81B22B861C9324D500113510 /* LaunchScreen.storyboard in Resources */ = {isa = PBXBuildFile; fileRef = 81B22B841C9324D500113510 /* LaunchScreen.storyboard */; };
		81B22B911C9324D500113510 /* test2Tests.swift in Sources */ = {isa = PBXBuildFile; fileRef = 81B22B901C9324D500113510 /* test2Tests.swift */; };
		81B22B9C1C9324D500113510 /* test2UITests.swift in Sources */ = {isa = PBXBuildFile; fileRef = 81B22B9B1C9324D500113510 /* test2UITests.swift */; };
/* End PBXBuildFile section */

/* Begin PBXContainerItemProxy section */
		81B22B8D1C9324D500113510 /* PBXContainerItemProxy */ = {
			isa = PBXContainerItemProxy;
			containerPortal = 81B22B701C9324D500113510 /* Project object */;
			proxyType = 1;
			remoteGlobalIDString = 81B22B771C9324D500113510;
			remoteInfo = test2;
		};
		81B22B981C9324D500113510 /* PBXContainerItemProxy */ = {
			isa = PBXContainerItemProxy;
			containerPortal = 81B22B701C9324D500113510 /* Project object */;
			proxyType = 1;
			remoteGlobalIDString = 81B22B771C9324D500113510;
			remoteInfo = test2;
		};
/* End PBXContainerItemProxy section */

/* Begin PBXFileReference section */
		81B22B781C9324D500113510 /* test2.app */ = {isa = PBXFileReference; explicitFileType = wrapper.application; includeInIndex = 0; path = test2.app; sourceTree = BUILT_PRODUCTS_DIR; };
		81B22B7B1C9324D500113510 /* AppDelegate.swift */ = {isa = PBXFileReference; lastKnownFileType = sourcecode.swift; path = AppDelegate.swift; sourceTree = "<group>"; };
		81B22B7D1C9324D500113510 /* ViewController.swift */ = {isa = PBXFileReference; lastKnownFileType = sourcecode.swift; path = ViewController.swift; sourceTree = "<group>"; };
		81B22B801C9324D500113510 /* Base */ = {isa = PBXFileReference; lastKnownFileType = file.storyboard; name = Base; path = Base.lproj/Main.storyboard; sourceTree = "<group>"; };
		81B22B821C9324D500113510 /* Assets.xcassets */ = {isa = PBXFileReference; lastKnownFileType = folder.assetcatalog; path = Assets.xcassets; sourceTree = "<group>"; };
		81B22B851C9324D500113510 /* Base */ = {isa = PBXFileReference; lastKnownFileType = file.storyboard; name = Base; path = Base.lproj/LaunchScreen.storyboard; sourceTree = "<group>"; };
		81B22B871C9324D500113510 /* Info.plist */ = {isa = PBXFileReference; lastKnownFileType = text.plist.xml; path = Info.plist; sourceTree = "<group>"; };
		81B22B8C1C9324D500113510 /* test2Tests.xctest */ = {isa = PBXFileReference; explicitFileType = wrapper.cfbundle; includeInIndex = 0; path = test2Tests.xctest; sourceTree = BUILT_PRODUCTS_DIR; };
		81B22B901C9324D500113510 /* test2Tests.swift */ = {isa = PBXFileReference; lastKnownFileType = sourcecode.swift; path = test2Tests.swift; sourceTree = "<group>"; };
		81B22B921C9324D500113510 /* Info.plist */ = {isa = PBXFileReference; lastKnownFileType = text.plist.xml; path = Info.plist; sourceTree = "<group>"; };
		81B22B971C9324D500113510 /* test2UITests.xctest */ = {isa = PBXFileReference; explicitFileType = wrapper.cfbundle; includeInIndex = 0; path = test2UITests.xctest; sourceTree = BUILT_PRODUCTS_DIR; };
		81B22B9B1C9324D500113510 /* test2UITests.swift */ = {isa = PBXFileReference; lastKnownFileType = sourcecode.swift; path = test2UITests.swift; sourceTree = "<group>"; };
		81B22B9D1C9324D600113510 /* Info.plist */ = {isa = PBXFileReference; lastKnownFileType = text.plist.xml; path = Info.plist; sourceTree = "<group>"; };
/* End PBXFileReference section */

/* Begin PBXFrameworksBuildPhase section */
		81B22B751C9324D500113510 /* Frameworks */ = {
			isa = PBXFrameworksBuildPhase;
			buildActionMask = 2147483647;
			files = (
			);
			runOnlyForDeploymentPostprocessing = 0;
		};
		81B22B891C9324D500113510 /* Frameworks */ = {
			isa = PBXFrameworksBuildPhase;
			buildActionMask = 2147483647;
			files = (
			);
			runOnlyForDeploymentPostprocessing = 0;
		};
		81B22B941C9324D500113510 /* Frameworks */ = {
			isa = PBXFrameworksBuildPhase;
			buildActionMask = 2147483647;
			files = (
			);
			runOnlyForDeploymentPostprocessing = 0;
		};
/* End PBXFrameworksBuildPhase section */

/* Begin PBXGroup section */
		81B22B6F1C9324D500113510 = {
			isa = PBXGroup;
			children = (
				81B22B7A1C9324D500113510 /* test2 */,
				81B22B8F1C9324D500113510 /* test2Tests */,
				81B22B9A1C9324D500113510 /* test2UITests */,
				81B22B791C9324D500113510 /* Products */,
			);
			sourceTree = "<group>";
		};
		81B22B791C9324D500113510 /* Products */ = {
			isa = PBXGroup;
			children = (
				81B22B781C9324D500113510 /* test2.app */,
				81B22B8C1C9324D500113510 /* test2Tests.xctest */,
				81B22B971C9324D500113510 /* test2UITests.xctest */,
			);
			name = Products;
			sourceTree = "<group>";
		};
		81B22B7A1C9324D500113510 /* test2 */ = {
			isa = PBXGroup;
			children = (
				81B22B7B1C9324D500113510 /* AppDelegate.swift */,
				81B22B7D1C9324D500113510 /* ViewController.swift */,
				81B22B7F1C9324D500113510 /* Main.storyboard */,
				81B22B821C9324D500113510 /* Assets.xcassets */,
				81B22B841C9324D500113510 /* LaunchScreen.storyboard */,
				81B22B871C9324D500113510 /* Info.plist */,
			);
			path = test2;
			sourceTree = "<group>";
		};
		81B22B8F1C9324D500113510 /* test2Tests */ = {
			isa = PBXGroup;
			children = (
				81B22B901C9324D500113510 /* test2Tests.swift */,
				81B22B921C9324D500113510 /* Info.plist */,
			);
			path = test2Tests;
			sourceTree = "<group>";
		};
		81B22B9A1C9324D500113510 /* test2UITests */ = {
			isa = PBXGroup;
			children = (
				81B22B9B1C9324D500113510 /* test2UITests.swift */,
				81B22B9D1C9324D600113510 /* Info.plist */,
			);
			path = test2UITests;
			sourceTree = "<group>";
		};
/* End PBXGroup section */

/* Begin PBXNativeTarget section */
		81B22B771C9324D500113510 /* test2 */ = {
			isa = PBXNativeTarget;
			buildConfigurationList = 81B22BA01C9324D600113510 /* Build configuration list for PBXNativeTarget "test2" */;
			buildPhases = (
				81B22B741C9324D500113510 /* Sources */,
				81B22B751C9324D500113510 /* Frameworks */,
				81B22B761C9324D500113510 /* Resources */,
			);
			buildRules = (
			);
			dependencies = (
			);
			name = test2;
			productName = test2;
			productReference = 81B22B781C9324D500113510 /* test2.app */;
			productType = "com.apple.product-type.application";
		};
		81B22B8B1C9324D500113510 /* test2Tests */ = {
			isa = PBXNativeTarget;
			buildConfigurationList = 81B22BA31C9324D600113510 /* Build configuration list for PBXNativeTarget "test2Tests" */;
			buildPhases = (
				81B22B881C9324D500113510 /* Sources */,
				81B22B891C9324D500113510 /* Frameworks */,
				81B22B8A1C9324D500113510 /* Resources */,
			);
			buildRules = (
			);
			dependencies = (
				81B22B8E1C9324D500113510 /* PBXTargetDependency */,
			);
			name = test2Tests;
			productName = test2Tests;
			productReference = 81B22B8C1C9324D500113510 /* test2Tests.xctest */;
			productType = "com.apple.product-type.bundle.unit-test";
		};
		81B22B961C9324D500113510 /* test2UITests */ = {
			isa = PBXNativeTarget;
			buildConfigurationList = 81B22BA61C9324D600113510 /* Build configuration list for PBXNativeTarget "test2UITests" */;
			buildPhases = (
				81B22B931C9324D500113510 /* Sources */,
				81B22B941C9324D500113510 /* Frameworks */,
				81B22B951C9324D500113510 /* Resources */,
			);
			buildRules = (
			);
			dependencies = (
				81B22B991C9324D500113510 /* PBXTargetDependency */,
			);
			name = test2UITests;
			productName = test2UITests;
			productReference = 81B22B971C9324D500113510 /* test2UITests.xctest */;
			productType = "com.apple.product-type.bundle.ui-testing";
		};
/* End PBXNativeTarget section */

/* Begin PBXProject section */
		81B22B701C9324D500113510 /* Project object */ = {
			isa = PBXProject;
			attributes = {
				LastSwiftUpdateCheck = 0720;
				LastUpgradeCheck = 0720;
				ORGANIZATIONNAME = DM;
				TargetAttributes = {
					81B22B771C9324D500113510 = {
						CreatedOnToolsVersion = 7.2.1;
					};
					81B22B8B1C9324D500113510 = {
						CreatedOnToolsVersion = 7.2.1;
						TestTargetID = 81B22B771C9324D500113510;
					};
					81B22B961C9324D500113510 = {
						CreatedOnToolsVersion = 7.2.1;
						TestTargetID = 81B22B771C9324D500113510;
					};
				};
			};
			buildConfigurationList = 81B22B731C9324D500113510 /* Build configuration list for PBXProject "test2" */;
			compatibilityVersion = "Xcode 3.2";
			developmentRegion = English;
			hasScannedForEncodings = 0;
			knownRegions = (
				en,
				Base,
			);
			mainGroup = 81B22B6F1C9324D500113510;
			productRefGroup = 81B22B791C9324D500113510 /* Products */;
			projectDirPath = "";
			projectRoot = "";
			targets = (
				81B22B771C9324D500113510 /* test2 */,
				81B22B8B1C9324D500113510 /* test2Tests */,
				81B22B961C9324D500113510 /* test2UITests */,
			);
		};
/* End PBXProject section */

/* Begin PBXResourcesBuildPhase section */
		81B22B761C9324D500113510 /* Resources */ = {
			isa = PBXResourcesBuildPhase;
			buildActionMask = 2147483647;
			files = (
				81B22B861C9324D500113510 /* LaunchScreen.storyboard in Resources */,
				81B22B831C9324D500113510 /* Assets.xcassets in Resources */,
				81B22B811C9324D500113510 /* Main.storyboard in Resources */,
			);
			runOnlyForDeploymentPostprocessing = 0;
		};
		81B22B8A1C9324D500113510 /* Resources */ = {
			isa = PBXResourcesBuildPhase;
			buildActionMask = 2147483647;
			files = (
			);
			runOnlyForDeploymentPostprocessing = 0;
		};
		81B22B951C9324D500113510 /* Resources */ = {
			isa = PBXResourcesBuildPhase;
			buildActionMask = 2147483647;
			files = (
			);
			runOnlyForDeploymentPostprocessing = 0;
		};
/* End PBXResourcesBuildPhase section */

/* Begin PBXSourcesBuildPhase section */
		81B22B741C9324D500113510 /* Sources */ = {
			isa = PBXSourcesBuildPhase;
			buildActionMask = 2147483647;
			files = (
				81B22B7E1C9324D500113510 /* ViewController.swift in Sources */,
				81B22B7C1C9324D500113510 /* AppDelegate.swift in Sources */,
			);
			runOnlyForDeploymentPostprocessing = 0;
		};
		81B22B881C9324D500113510 /* Sources */ = {
			isa = PBXSourcesBuildPhase;
			buildActionMask = 2147483647;
			files = (
				81B22B911C9324D500113510 /* test2Tests.swift in Sources */,
			);
			runOnlyForDeploymentPostprocessing = 0;
		};
		81B22B931C9324D500113510 /* Sources */ = {
			isa = PBXSourcesBuildPhase;
			buildActionMask = 2147483647;
			files = (
				81B22B9C1C9324D500113510 /* test2UITests.swift in Sources */,
			);
			runOnlyForDeploymentPostprocessing = 0;
		};
/* End PBXSourcesBuildPhase section */

/* Begin PBXTargetDependency section */
		81B22B8E1C9324D500113510 /* PBXTargetDependency */ = {
			isa = PBXTargetDependency;
			target = 81B22B771C9324D500113510 /* test2 */;
			targetProxy = 81B22B8D1C9324D500113510 /* PBXContainerItemProxy */;
		};
		81B22B991C9324D500113510 /* PBXTargetDependency */ = {
			isa = PBXTargetDependency;
			target = 81B22B771C9324D500113510 /* test2 */;
			targetProxy = 81B22B981C9324D500113510 /* PBXContainerItemProxy */;
		};
/* End PBXTargetDependency section */

/* Begin PBXVariantGroup section */
		81B22B7F1C9324D500113510 /* Main.storyboard */ = {
			isa = PBXVariantGroup;
			children = (
				81B22B801C9324D500113510 /* Base */,
			);
			name = Main.storyboard;
			sourceTree = "<group>";
		};
		81B22B841C9324D500113510 /* LaunchScreen.storyboard */ = {
			isa = PBXVariantGroup;
			children = (
				81B22B851C9324D500113510 /* Base */,
			);
			name = LaunchScreen.storyboard;
			sourceTree = "<group>";
		};
/* End PBXVariantGroup section */

/* Begin XCBuildConfiguration section */
		81B22B9E1C9324D600113510 /* Debug */ = {
			isa = XCBuildConfiguration;
			buildSettings = {
				ALWAYS_SEARCH_USER_PATHS = NO;
				CLANG_CXX_LANGUAGE_STANDARD = "gnu++0x";
				CLANG_CXX_LIBRARY = "libc++";
				CLANG_ENABLE_MODULES = YES;
				CLANG_ENABLE_OBJC_ARC = YES;
				CLANG_WARN_BOOL_CONVERSION = YES;
				CLANG_WARN_CONSTANT_CONVERSION = YES;
				CLANG_WARN_DIRECT_OBJC_ISA_USAGE = YES_ERROR;
				CLANG_WARN_EMPTY_BODY = YES;
				CLANG_WARN_ENUM_CONVERSION = YES;
				CLANG_WARN_INT_CONVERSION = YES;
				CLANG_WARN_OBJC_ROOT_CLASS = YES_ERROR;
				CLANG_WARN_UNREACHABLE_CODE = YES;
				CLANG_WARN__DUPLICATE_METHOD_MATCH = YES;
				"CODE_SIGN_IDENTITY[sdk=iphoneos*]" = "iPhone Developer";
				COPY_PHASE_STRIP = NO;
				DEBUG_INFORMATION_FORMAT = dwarf;
				ENABLE_STRICT_OBJC_MSGSEND = YES;
				ENABLE_TESTABILITY = YES;
				GCC_C_LANGUAGE_STANDARD = gnu99;
				GCC_DYNAMIC_NO_PIC = NO;
				GCC_NO_COMMON_BLOCKS = YES;
				GCC_OPTIMIZATION_LEVEL = 0;
				GCC_PREPROCESSOR_DEFINITIONS = (
					"DEBUG=1",
					"$(inherited)",
				);
				GCC_WARN_64_TO_32_BIT_CONVERSION = YES;
				GCC_WARN_ABOUT_RETURN_TYPE = YES_ERROR;
				GCC_WARN_UNDECLARED_SELECTOR = YES;
				GCC_WARN_UNINITIALIZED_AUTOS = YES_AGGRESSIVE;
				GCC_WARN_UNUSED_FUNCTION = YES;
				GCC_WARN_UNUSED_VARIABLE = YES;
				IPHONEOS_DEPLOYMENT_TARGET = 9.2;
				MTL_ENABLE_DEBUG_INFO = YES;
				ONLY_ACTIVE_ARCH = YES;
				SDKROOT = iphoneos;
				SWIFT_OPTIMIZATION_LEVEL = "-Onone";
				TARGETED_DEVICE_FAMILY = "1,2";
			};
			name = Debug;
		};
		81B22B9F1C9324D600113510 /* Release */ = {
			isa = XCBuildConfiguration;
			buildSettings = {
				ALWAYS_SEARCH_USER_PATHS = NO;
				CLANG_CXX_LANGUAGE_STANDARD = "gnu++0x";
				CLANG_CXX_LIBRARY = "libc++";
				CLANG_ENABLE_MODULES = YES;
				CLANG_ENABLE_OBJC_ARC = YES;
				CLANG_WARN_BOOL_CONVERSION = YES;
				CLANG_WARN_CONSTANT_CONVERSION = YES;
				CLANG_WARN_DIRECT_OBJC_ISA_USAGE = YES_ERROR;
				CLANG_WARN_EMPTY_BODY = YES;
				CLANG_WARN_ENUM_CONVERSION = YES;
				CLANG_WARN_INT_CONVERSION = YES;
				CLANG_WARN_OBJC_ROOT_CLASS = YES_ERROR;
				CLANG_WARN_UNREACHABLE_CODE = YES;
				CLANG_WARN__DUPLICATE_METHOD_MATCH = YES;
				"CODE_SIGN_IDENTITY[sdk=iphoneos*]" = "iPhone Developer";
				COPY_PHASE_STRIP = NO;
				DEBUG_INFORMATION_FORMAT = "dwarf-with-dsym";
				ENABLE_NS_ASSERTIONS = NO;
				ENABLE_STRICT_OBJC_MSGSEND = YES;
				GCC_C_LANGUAGE_STANDARD = gnu99;
				GCC_NO_COMMON_BLOCKS = YES;
				GCC_WARN_64_TO_32_BIT_CONVERSION = YES;
				GCC_WARN_ABOUT_RETURN_TYPE = YES_ERROR;
				GCC_WARN_UNDECLARED_SELECTOR = YES;
				GCC_WARN_UNINITIALIZED_AUTOS = YES_AGGRESSIVE;
				GCC_WARN_UNUSED_FUNCTION = YES;
				GCC_WARN_UNUSED_VARIABLE = YES;
				IPHONEOS_DEPLOYMENT_TARGET = 9.2;
				MTL_ENABLE_DEBUG_INFO = NO;
				SDKROOT = iphoneos;
				TARGETED_DEVICE_FAMILY = "1,2";
				VALIDATE_PRODUCT = YES;
			};
			name = Release;
		};
		81B22BA11C9324D600113510 /* Debug */ = {
			isa = XCBuildConfiguration;
			buildSettings = {
				ASSETCATALOG_COMPILER_APPICON_NAME = AppIcon;
				INFOPLIST_FILE = test2/Info.plist;
				LD_RUNPATH_SEARCH_PATHS = "$(inherited) @executable_path/Frameworks";
				PRODUCT_BUNDLE_IDENTIFIER = DigitalMill.test2;
				PRODUCT_NAME = "$(TARGET_NAME)";
			};
			name = Debug;
		};
		81B22BA21C9324D600113510 /* Release */ = {
			isa = XCBuildConfiguration;
			buildSettings = {
				ASSETCATALOG_COMPILER_APPICON_NAME = AppIcon;
				INFOPLIST_FILE = test2/Info.plist;
				LD_RUNPATH_SEARCH_PATHS = "$(inherited) @executable_path/Frameworks";
				PRODUCT_BUNDLE_IDENTIFIER = DigitalMill.test2;
				PRODUCT_NAME = "$(TARGET_NAME)";
			};
			name = Release;
		};
		81B22BA41C9324D600113510 /* Debug */ = {
			isa = XCBuildConfiguration;
			buildSettings = {
				BUNDLE_LOADER = "$(TEST_HOST)";
				INFOPLIST_FILE = test2Tests/Info.plist;
				LD_RUNPATH_SEARCH_PATHS = "$(inherited) @executable_path/Frameworks @loader_path/Frameworks";
				PRODUCT_BUNDLE_IDENTIFIER = DigitalMill.test2Tests;
				PRODUCT_NAME = "$(TARGET_NAME)";
				TEST_HOST = "$(BUILT_PRODUCTS_DIR)/test2.app/test2";
			};
			name = Debug;
		};
		81B22BA51C9324D600113510 /* Release */ = {
			isa = XCBuildConfiguration;
			buildSettings = {
				BUNDLE_LOADER = "$(TEST_HOST)";
				INFOPLIST_FILE = test2Tests/Info.plist;
				LD_RUNPATH_SEARCH_PATHS = "$(inherited) @executable_path/Frameworks @loader_path/Frameworks";
				PRODUCT_BUNDLE_IDENTIFIER = DigitalMill.test2Tests;
				PRODUCT_NAME = "$(TARGET_NAME)";
				TEST_HOST = "$(BUILT_PRODUCTS_DIR)/test2.app/test2";
			};
			name = Release;
		};
		81B22BA71C9324D600113510 /* Debug */ = {
			isa = XCBuildConfiguration;
			buildSettings = {
				INFOPLIST_FILE = test2UITests/Info.plist;
				LD_RUNPATH_SEARCH_PATHS = "$(inherited) @executable_path/Frameworks @loader_path/Frameworks";
				PRODUCT_BUNDLE_IDENTIFIER = DigitalMill.test2UITests;
				PRODUCT_NAME = "$(TARGET_NAME)";
				TEST_TARGET_NAME = test2;
				USES_XCTRUNNER = YES;
			};
			name = Debug;
		};
		81B22BA81C9324D600113510 /* Release */ = {
			isa = XCBuildConfiguration;
			buildSettings = {
				INFOPLIST_FILE = test2UITests/Info.plist;
				LD_RUNPATH_SEARCH_PATHS = "$(inherited) @executable_path/Frameworks @loader_path/Frameworks";
				PRODUCT_BUNDLE_IDENTIFIER = DigitalMill.test2UITests;
				PRODUCT_NAME = "$(TARGET_NAME)";
				TEST_TARGET_NAME = test2;
				USES_XCTRUNNER = YES;
			};
			name = Release;
		};
/* End XCBuildConfiguration section */

/* Begin XCConfigurationList section */
		81B22B731C9324D500113510 /* Build configuration list for PBXProject "test2" */ = {
			isa = XCConfigurationList;
			buildConfigurations = (
				81B22B9E1C9324D600113510 /* Debug */,
				81B22B9F1C9324D600113510 /* Release */,
			);
			defaultConfigurationIsVisible = 0;
			defaultConfigurationName = Release;
		};
		81B22BA01C9324D600113510 /* Build configuration list for PBXNativeTarget "test2" */ = {
			isa = XCConfigurationList;
			buildConfigurations = (
				81B22BA11C9324D600113510 /* Debug */,
				81B22BA21C9324D600113510 /* Release */,
			);
			defaultConfigurationIsVisible = 0;
		};
		81B22BA31C9324D600113510 /* Build configuration list for PBXNativeTarget "test2Tests" */ = {
			isa = XCConfigurationList;
			buildConfigurations = (
				81B22BA41C9324D600113510 /* Debug */,
				81B22BA51C9324D600113510 /* Release */,
			);
			defaultConfigurationIsVisible = 0;
		};
		81B22BA61C9324D600113510 /* Build configuration list for PBXNativeTarget "test2UITests" */ = {
			isa = XCConfigurationList;
			buildConfigurations = (
				81B22BA71C9324D600113510 /* Debug */,
				81B22BA81C9324D600113510 /* Release */,
			);
			defaultConfigurationIsVisible = 0;
		};
/* End XCConfigurationList section */
	};
	rootObject = 81B22B701C9324D500113510 /* Project object */;
}
